
Microsoft Visual Studio Solution File, Format Version 12.00
# Visual Studio Version 17
VisualStudioVersion = 17.7.34221.43
MinimumVisualStudioVersion = 10.0.40219.1
Project("{9A19103F-16F7-4668-BE54-9A1E7A4F7556}") = "E-Bike Rental", "E-Bike Rental.csproj", "{4A6A9B87-9F62-424C-B70D-B4D7D3BB53F2}"
EndProject
Global
	GlobalSection(SolutionConfigurationPlatforms) = preSolution
		Debug|Any CPU = Debug|Any CPU
		Release|Any CPU = Release|Any CPU
	EndGlobalSection
	GlobalSection(ProjectConfigurationPlatforms) = postSolution
		{4A6A9B87-9F62-424C-B70D-B4D7D3BB53F2}.Debug|Any CPU.ActiveCfg = Debug|Any CPU
		{4A6A9B87-9F62-424C-B70D-B4D7D3BB53F2}.Debug|Any CPU.Build.0 = Debug|Any CPU
		{4A6A9B87-9F62-424C-B70D-B4D7D3BB53F2}.Release|Any CPU.ActiveCfg = Release|Any CPU
		{4A6A9B87-9F62-424C-B70D-B4D7D3BB53F2}.Release|Any CPU.Build.0 = Release|Any CPU
	EndGlobalSection
	GlobalSection(SolutionProperties) = preSolution
		HideSolutionNode = FALSE
	EndGlobalSection
	GlobalSection(ExtensibilityGlobals) = postSolution
		SolutionGuid = {35799939-DE2B-45BF-B257-83E60779EE52}
	EndGlobalSection
EndGlobal
